
Microsoft Visual Studio Solution File, Format Version 12.00
# Visual Studio Version 17
VisualStudioVersion = 17.10.35013.160
MinimumVisualStudioVersion = 10.0.40219.1
Project("{9A19103F-16F7-4668-BE54-9A1E7A4F7556}") = "MaesRealEstate_API", "MaesRealEstate_API\MaesRealEstate_API.csproj", "{59ACF76B-AF3F-47C1-B951-A72BAF505186}"
EndProject
Project("{FAE04EC0-301F-11D3-BF4B-00C04F79EFBC}") = "MaesRealEstate_UI", "MaesRealEstate_UI\MaesRealEstate_UI.csproj", "{D32740AB-AD72-4CE2-96DA-9933CE518004}"
EndProject
Global
	GlobalSection(SolutionConfigurationPlatforms) = preSolution
		Debug|Any CPU = Debug|Any CPU
		Release|Any CPU = Release|Any CPU
	EndGlobalSection
	GlobalSection(ProjectConfigurationPlatforms) = postSolution
		{59ACF76B-AF3F-47C1-B951-A72BAF505186}.Debug|Any CPU.ActiveCfg = Debug|Any CPU
		{59ACF76B-AF3F-47C1-B951-A72BAF505186}.Debug|Any CPU.Build.0 = Debug|Any CPU
		{59ACF76B-AF3F-47C1-B951-A72BAF505186}.Release|Any CPU.ActiveCfg = Release|Any CPU
		{59ACF76B-AF3F-47C1-B951-A72BAF505186}.Release|Any CPU.Build.0 = Release|Any CPU
		{D32740AB-AD72-4CE2-96DA-9933CE518004}.Debug|Any CPU.ActiveCfg = Debug|Any CPU
		{D32740AB-AD72-4CE2-96DA-9933CE518004}.Debug|Any CPU.Build.0 = Debug|Any CPU
		{D32740AB-AD72-4CE2-96DA-9933CE518004}.Release|Any CPU.ActiveCfg = Release|Any CPU
		{D32740AB-AD72-4CE2-96DA-9933CE518004}.Release|Any CPU.Build.0 = Release|Any CPU
	EndGlobalSection
	GlobalSection(SolutionProperties) = preSolution
		HideSolutionNode = FALSE
	EndGlobalSection
	GlobalSection(ExtensibilityGlobals) = postSolution
		SolutionGuid = {9D5EB902-7D31-4FB4-B449-46333CBDE5B2}
	EndGlobalSection
EndGlobal
